
Microsoft Visual Studio Solution File, Format Version 12.00
# Visual Studio Version 17
VisualStudioVersion = 17.0.32112.339
MinimumVisualStudioVersion = 15.0
Project("{2150E333-8FDC-42A3-9474-1A3956D46DE8}") = "src", "src", "{A9836F9E-6DB3-4D9F-ADCA-CF42D8C8BA93}"
EndProject
Project("{2150E333-8FDC-42A3-9474-1A3956D46DE8}") = "test", "test", "{C40883CD-366D-4534-8B58-3EA0D13136DF}"
EndProject
Project("{FAE04EC0-301F-11D3-BF4B-00C04F79EFBC}") = "System.Web.Razor", "src\System.Web.Razor\System.Web.Razor.csproj", "{8F18041B-9410-4C36-A9C5-067813DF5F31}"
EndProject
Project("{FAE04EC0-301F-11D3-BF4B-00C04F79EFBC}") = "System.Web.WebPages.Deployment", "src\System.Web.WebPages.Deployment\System.Web.WebPages.Deployment.csproj", "{22BABB60-8F02-4027-AFFC-ACF069954536}"
EndProject
Project("{FAE04EC0-301F-11D3-BF4B-00C04F79EFBC}") = "System.Web.WebPages", "src\System.Web.WebPages\System.Web.WebPages.csproj", "{76EFA9C5-8D7E-4FDF-B710-E20F8B6B00D2}"
EndProject
Project("{FAE04EC0-301F-11D3-BF4B-00C04F79EFBC}") = "System.Web.WebPages.Razor", "src\System.Web.WebPages.Razor\System.Web.WebPages.Razor.csproj", "{0939B11A-FE4E-4BA1-8AD6-D97741EE314F}"
EndProject
Project("{FAE04EC0-301F-11D3-BF4B-00C04F79EFBC}") = "System.Web.Mvc", "src\System.Web.Mvc\System.Web.Mvc.csproj", "{3D3FFD8A-624D-4E9B-954B-E1C105507975}"
EndProject
Project("{FAE04EC0-301F-11D3-BF4B-00C04F79EFBC}") = "Microsoft.Web.Mvc", "src\Microsoft.Web.Mvc\Microsoft.Web.Mvc.csproj", "{D3CF7430-6DA4-42B0-BD90-CA39D16687B2}"
EndProject
Project("{FAE04EC0-301F-11D3-BF4B-00C04F79EFBC}") = "System.Web.Razor.Test", "test\System.Web.Razor.Test\System.Web.Razor.Test.csproj", "{0BB62A1D-E6B5-49FA-9E3C-6AF679A66DFE}"
EndProject
Project("{FAE04EC0-301F-11D3-BF4B-00C04F79EFBC}") = "System.Web.WebPages.Deployment.Test", "test\System.Web.WebPages.Deployment.Test\System.Web.WebPages.Deployment.Test.csproj", "{268DEE9D-F323-4A00-8ED8-3784388C3E3A}"
EndProject
Project("{FAE04EC0-301F-11D3-BF4B-00C04F79EFBC}") = "System.Web.WebPages.Test", "test\System.Web.WebPages.Test\System.Web.WebPages.Test.csproj", "{0F4870DB-A799-4DBA-99DF-0D74BB52FEC2}"
EndProject
Project("{FAE04EC0-301F-11D3-BF4B-00C04F79EFBC}") = "System.Web.WebPages.Razor.Test", "test\System.Web.WebPages.Razor.Test\System.Web.WebPages.Razor.Test.csproj", "{66A74F3C-A106-4C1E-BAA0-001908FEA2CA}"
EndProject
Project("{FAE04EC0-301F-11D3-BF4B-00C04F79EFBC}") = "System.Web.Mvc.Test", "test\System.Web.Mvc.Test\System.Web.Mvc.Test.csproj", "{8AC2A2E4-2F11-4D40-A887-62E2583A65E6}"
EndProject
Project("{FAE04EC0-301F-11D3-BF4B-00C04F79EFBC}") = "Microsoft.Web.Mvc.Test", "test\Microsoft.Web.Mvc.Test\Microsoft.Web.Mvc.Test.csproj", "{6C28DA70-60F1-4442-967F-591BF3962EC5}"
EndProject
Project("{FAE04EC0-301F-11D3-BF4B-00C04F79EFBC}") = "Microsoft.TestCommon", "test\Microsoft.TestCommon\Microsoft.TestCommon.csproj", "{FCCC4CB7-BAF7-4A57-9F89-E5766FE536C0}"
EndProject
Project("{2150E333-8FDC-42A3-9474-1A3956D46DE8}") = ".nuget", ".nuget", "{CB34D534-9A09-4EE4-B350-C1C23AFBF5EE}"
	ProjectSection(SolutionItems) = preProject
		.nuget\NuGet.Config = .nuget\NuGet.Config
		.nuget\packages.config = .nuget\packages.config
	EndProjectSection
EndProject
Project("{FAE04EC0-301F-11D3-BF4B-00C04F79EFBC}") = "System.Web.Cors", "src\System.Web.Cors\System.Web.Cors.csproj", "{43C1B979-D593-4A32-BB3A-4316F1C66D66}"
EndProject
Project("{FAE04EC0-301F-11D3-BF4B-00C04F79EFBC}") = "System.Web.Cors.Test", "test\System.Web.Cors.Test\System.Web.Cors.Test.csproj", "{BF07E947-120D-4E93-93DA-A4BF121753EA}"
EndProject
Global
	GlobalSection(SolutionConfigurationPlatforms) = preSolution
		CodeAnalysis|Any CPU = CodeAnalysis|Any CPU
		Debug|Any CPU = Debug|Any CPU
		Release|Any CPU = Release|Any CPU
	EndGlobalSection
	GlobalSection(ProjectConfigurationPlatforms) = postSolution
		{8F18041B-9410-4C36-A9C5-067813DF5F31}.CodeAnalysis|Any CPU.ActiveCfg = CodeAnalysis|Any CPU
		{8F18041B-9410-4C36-A9C5-067813DF5F31}.CodeAnalysis|Any CPU.Build.0 = CodeAnalysis|Any CPU
		{8F18041B-9410-4C36-A9C5-067813DF5F31}.Debug|Any CPU.ActiveCfg = Debug|Any CPU
		{8F18041B-9410-4C36-A9C5-067813DF5F31}.Debug|Any CPU.Build.0 = Debug|Any CPU
		{8F18041B-9410-4C36-A9C5-067813DF5F31}.Release|Any CPU.ActiveCfg = Release|Any CPU
		{8F18041B-9410-4C36-A9C5-067813DF5F31}.Release|Any CPU.Build.0 = Release|Any CPU
		{22BABB60-8F02-4027-AFFC-ACF069954536}.CodeAnalysis|Any CPU.ActiveCfg = CodeAnalysis|Any CPU
		{22BABB60-8F02-4027-AFFC-ACF069954536}.CodeAnalysis|Any CPU.Build.0 = CodeAnalysis|Any CPU
		{22BABB60-8F02-4027-AFFC-ACF069954536}.Debug|Any CPU.ActiveCfg = Debug|Any CPU
		{22BABB60-8F02-4027-AFFC-ACF069954536}.Debug|Any CPU.Build.0 = Debug|Any CPU
		{22BABB60-8F02-4027-AFFC-ACF069954536}.Release|Any CPU.ActiveCfg = Release|Any CPU
		{22BABB60-8F02-4027-AFFC-ACF069954536}.Release|Any CPU.Build.0 = Release|Any CPU
		{76EFA9C5-8D7E-4FDF-B710-E20F8B6B00D2}.CodeAnalysis|Any CPU.ActiveCfg = CodeAnalysis|Any CPU
		{76EFA9C5-8D7E-4FDF-B710-E20F8B6B00D2}.CodeAnalysis|Any CPU.Build.0 = CodeAnalysis|Any CPU
		{76EFA9C5-8D7E-4FDF-B710-E20F8B6B00D2}.Debug|Any CPU.ActiveCfg = Debug|Any CPU
		{76EFA9C5-8D7E-4FDF-B710-E20F8B6B00D2}.Debug|Any CPU.Build.0 = Debug|Any CPU
		{76EFA9C5-8D7E-4FDF-B710-E20F8B6B00D2}.Release|Any CPU.ActiveCfg = Release|Any CPU
		{76EFA9C5-8D7E-4FDF-B710-E20F8B6B00D2}.Release|Any CPU.Build.0 = Release|Any CPU
		{0939B11A-FE4E-4BA1-8AD6-D97741EE314F}.CodeAnalysis|Any CPU.ActiveCfg = CodeAnalysis|Any CPU
		{0939B11A-FE4E-4BA1-8AD6-D97741EE314F}.CodeAnalysis|Any CPU.Build.0 = CodeAnalysis|Any CPU
		{0939B11A-FE4E-4BA1-8AD6-D97741EE314F}.Debug|Any CPU.ActiveCfg = Debug|Any CPU
		{0939B11A-FE4E-4BA1-8AD6-D97741EE314F}.Debug|Any CPU.Build.0 = Debug|Any CPU
		{0939B11A-FE4E-4BA1-8AD6-D97741EE314F}.Release|Any CPU.ActiveCfg = Release|Any CPU
		{0939B11A-FE4E-4BA1-8AD6-D97741EE314F}.Release|Any CPU.Build.0 = Release|Any CPU
		{3D3FFD8A-624D-4E9B-954B-E1C105507975}.CodeAnalysis|Any CPU.ActiveCfg = CodeAnalysis|Any CPU
		{3D3FFD8A-624D-4E9B-954B-E1C105507975}.CodeAnalysis|Any CPU.Build.0 = CodeAnalysis|Any CPU
		{3D3FFD8A-624D-4E9B-954B-E1C105507975}.Debug|Any CPU.ActiveCfg = Debug|Any CPU
		{3D3FFD8A-624D-4E9B-954B-E1C105507975}.Debug|Any CPU.Build.0 = Debug|Any CPU
		{3D3FFD8A-624D-4E9B-954B-E1C105507975}.Release|Any CPU.ActiveCfg = Release|Any CPU
		{3D3FFD8A-624D-4E9B-954B-E1C105507975}.Release|Any CPU.Build.0 = Release|Any CPU
		{D3CF7430-6DA4-42B0-BD90-CA39D16687B2}.CodeAnalysis|Any CPU.ActiveCfg = CodeAnalysis|Any CPU
		{D3CF7430-6DA4-42B0-BD90-CA39D16687B2}.CodeAnalysis|Any CPU.Build.0 = CodeAnalysis|Any CPU
		{D3CF7430-6DA4-42B0-BD90-CA39D16687B2}.Debug|Any CPU.ActiveCfg = Debug|Any CPU
		{D3CF7430-6DA4-42B0-BD90-CA39D16687B2}.Debug|Any CPU.Build.0 = Debug|Any CPU
		{D3CF7430-6DA4-42B0-BD90-CA39D16687B2}.Release|Any CPU.ActiveCfg = Release|Any CPU
		{D3CF7430-6DA4-42B0-BD90-CA39D16687B2}.Release|Any CPU.Build.0 = Release|Any CPU
		{0BB62A1D-E6B5-49FA-9E3C-6AF679A66DFE}.CodeAnalysis|Any CPU.ActiveCfg = CodeAnalysis|Any CPU
		{0BB62A1D-E6B5-49FA-9E3C-6AF679A66DFE}.CodeAnalysis|Any CPU.Build.0 = CodeAnalysis|Any CPU
		{0BB62A1D-E6B5-49FA-9E3C-6AF679A66DFE}.Debug|Any CPU.ActiveCfg = Debug|Any CPU
		{0BB62A1D-E6B5-49FA-9E3C-6AF679A66DFE}.Debug|Any CPU.Build.0 = Debug|Any CPU
		{0BB62A1D-E6B5-49FA-9E3C-6AF679A66DFE}.Release|Any CPU.ActiveCfg = Release|Any CPU
		{0BB62A1D-E6B5-49FA-9E3C-6AF679A66DFE}.Release|Any CPU.Build.0 = Release|Any CPU
		{268DEE9D-F323-4A00-8ED8-3784388C3E3A}.CodeAnalysis|Any CPU.ActiveCfg = CodeAnalysis|Any CPU
		{268DEE9D-F323-4A00-8ED8-3784388C3E3A}.CodeAnalysis|Any CPU.Build.0 = CodeAnalysis|Any CPU
		{268DEE9D-F323-4A00-8ED8-3784388C3E3A}.Debug|Any CPU.ActiveCfg = Debug|Any CPU
		{268DEE9D-F323-4A00-8ED8-3784388C3E3A}.Debug|Any CPU.Build.0 = Debug|Any CPU
		{268DEE9D-F323-4A00-8ED8-3784388C3E3A}.Release|Any CPU.ActiveCfg = Release|Any CPU
		{268DEE9D-F323-4A00-8ED8-3784388C3E3A}.Release|Any CPU.Build.0 = Release|Any CPU
		{0F4870DB-A799-4DBA-99DF-0D74BB52FEC2}.CodeAnalysis|Any CPU.ActiveCfg = CodeAnalysis|Any CPU
		{0F4870DB-A799-4DBA-99DF-0D74BB52FEC2}.CodeAnalysis|Any CPU.Build.0 = CodeAnalysis|Any CPU
		{0F4870DB-A799-4DBA-99DF-0D74BB52FEC2}.Debug|Any CPU.ActiveCfg = Debug|Any CPU
		{0F4870DB-A799-4DBA-99DF-0D74BB52FEC2}.Debug|Any CPU.Build.0 = Debug|Any CPU
		{0F4870DB-A799-4DBA-99DF-0D74BB52FEC2}.Release|Any CPU.ActiveCfg = Release|Any CPU
		{0F4870DB-A799-4DBA-99DF-0D74BB52FEC2}.Release|Any CPU.Build.0 = Release|Any CPU
		{66A74F3C-A106-4C1E-BAA0-001908FEA2CA}.CodeAnalysis|Any CPU.ActiveCfg = CodeAnalysis|Any CPU
		{66A74F3C-A106-4C1E-BAA0-001908FEA2CA}.CodeAnalysis|Any CPU.Build.0 = CodeAnalysis|Any CPU
		{66A74F3C-A106-4C1E-BAA0-001908FEA2CA}.Debug|Any CPU.ActiveCfg = Debug|Any CPU
		{66A74F3C-A106-4C1E-BAA0-001908FEA2CA}.Debug|Any CPU.Build.0 = Debug|Any CPU
		{66A74F3C-A106-4C1E-BAA0-001908FEA2CA}.Release|Any CPU.ActiveCfg = Release|Any CPU
		{66A74F3C-A106-4C1E-BAA0-001908FEA2CA}.Release|Any CPU.Build.0 = Release|Any CPU
		{8AC2A2E4-2F11-4D40-A887-62E2583A65E6}.CodeAnalysis|Any CPU.ActiveCfg = CodeAnalysis|Any CPU
		{8AC2A2E4-2F11-4D40-A887-62E2583A65E6}.CodeAnalysis|Any CPU.Build.0 = CodeAnalysis|Any CPU
		{8AC2A2E4-2F11-4D40-A887-62E2583A65E6}.Debug|Any CPU.ActiveCfg = Debug|Any CPU
		{8AC2A2E4-2F11-4D40-A887-62E2583A65E6}.Debug|Any CPU.Build.0 = Debug|Any CPU
		{8AC2A2E4-2F11-4D40-A887-62E2583A65E6}.Release|Any CPU.ActiveCfg = Release|Any CPU
		{8AC2A2E4-2F11-4D40-A887-62E2583A65E6}.Release|Any CPU.Build.0 = Release|Any CPU
		{6C28DA70-60F1-4442-967F-591BF3962EC5}.CodeAnalysis|Any CPU.ActiveCfg = CodeAnalysis|Any CPU
		{6C28DA70-60F1-4442-967F-591BF3962EC5}.CodeAnalysis|Any CPU.Build.0 = CodeAnalysis|Any CPU
		{6C28DA70-60F1-4442-967F-591BF3962EC5}.Debug|Any CPU.ActiveCfg = Debug|Any CPU
		{6C28DA70-60F1-4442-967F-591BF3962EC5}.Debug|Any CPU.Build.0 = Debug|Any CPU
		{6C28DA70-60F1-4442-967F-591BF3962EC5}.Release|Any CPU.ActiveCfg = Release|Any CPU
		{6C28DA70-60F1-4442-967F-591BF3962EC5}.Release|Any CPU.Build.0 = Release|Any CPU
		{FCCC4CB7-BAF7-4A57-9F89-E5766FE536C0}.CodeAnalysis|Any CPU.ActiveCfg = CodeAnalysis|Any CPU
		{FCCC4CB7-BAF7-4A57-9F89-E5766FE536C0}.CodeAnalysis|Any CPU.Build.0 = CodeAnalysis|Any CPU
		{FCCC4CB7-BAF7-4A57-9F89-E5766FE536C0}.Debug|Any CPU.ActiveCfg = Debug|Any CPU
		{FCCC4CB7-BAF7-4A57-9F89-E5766FE536C0}.Debug|Any CPU.Build.0 = Debug|Any CPU
		{FCCC4CB7-BAF7-4A57-9F89-E5766FE536C0}.Release|Any CPU.ActiveCfg = Release|Any CPU
		{FCCC4CB7-BAF7-4A57-9F89-E5766FE536C0}.Release|Any CPU.Build.0 = Release|Any CPU
		{43C1B979-D593-4A32-BB3A-4316F1C66D66}.CodeAnalysis|Any CPU.ActiveCfg = CodeAnalysis|Any CPU
		{43C1B979-D593-4A32-BB3A-4316F1C66D66}.CodeAnalysis|Any CPU.Build.0 = CodeAnalysis|Any CPU
		{43C1B979-D593-4A32-BB3A-4316F1C66D66}.Debug|Any CPU.ActiveCfg = Debug|Any CPU
		{43C1B979-D593-4A32-BB3A-4316F1C66D66}.Debug|Any CPU.Build.0 = Debug|Any CPU
		{43C1B979-D593-4A32-BB3A-4316F1C66D66}.Release|Any CPU.ActiveCfg = Release|Any CPU
		{43C1B979-D593-4A32-BB3A-4316F1C66D66}.Release|Any CPU.Build.0 = Release|Any CPU
		{BF07E947-120D-4E93-93DA-A4BF121753EA}.CodeAnalysis|Any CPU.ActiveCfg = CodeAnalysis|Any CPU
		{BF07E947-120D-4E93-93DA-A4BF121753EA}.CodeAnalysis|Any CPU.Build.0 = CodeAnalysis|Any CPU
		{BF07E947-120D-4E93-93DA-A4BF121753EA}.Debug|Any CPU.ActiveCfg = Debug|Any CPU
		{BF07E947-120D-4E93-93DA-A4BF121753EA}.Debug|Any CPU.Build.0 = Debug|Any CPU
		{BF07E947-120D-4E93-93DA-A4BF121753EA}.Release|Any CPU.ActiveCfg = Release|Any CPU
		{BF07E947-120D-4E93-93DA-A4BF121753EA}.Release|Any CPU.Build.0 = Release|Any CPU
	EndGlobalSection
	GlobalSection(SolutionProperties) = preSolution
		HideSolutionNode = FALSE
	EndGlobalSection
	GlobalSection(NestedProjects) = preSolution
		{8F18041B-9410-4C36-A9C5-067813DF5F31} = {A9836F9E-6DB3-4D9F-ADCA-CF42D8C8BA93}
		{22BABB60-8F02-4027-AFFC-ACF069954536} = {A9836F9E-6DB3-4D9F-ADCA-CF42D8C8BA93}
		{76EFA9C5-8D7E-4FDF-B710-E20F8B6B00D2} = {A9836F9E-6DB3-4D9F-ADCA-CF42D8C8BA93}
		{0939B11A-FE4E-4BA1-8AD6-D97741EE314F} = {A9836F9E-6DB3-4D9F-ADCA-CF42D8C8BA93}
		{3D3FFD8A-624D-4E9B-954B-E1C105507975} = {A9836F9E-6DB3-4D9F-ADCA-CF42D8C8BA93}
		{D3CF7430-6DA4-42B0-BD90-CA39D16687B2} = {A9836F9E-6DB3-4D9F-ADCA-CF42D8C8BA93}
		{0BB62A1D-E6B5-49FA-9E3C-6AF679A66DFE} = {C40883CD-366D-4534-8B58-3EA0D13136DF}
		{268DEE9D-F323-4A00-8ED8-3784388C3E3A} = {C40883CD-366D-4534-8B58-3EA0D13136DF}
		{0F4870DB-A799-4DBA-99DF-0D74BB52FEC2} = {C40883CD-366D-4534-8B58-3EA0D13136DF}
		{66A74F3C-A106-4C1E-BAA0-001908FEA2CA} = {C40883CD-366D-4534-8B58-3EA0D13136DF}
		{8AC2A2E4-2F11-4D40-A887-62E2583A65E6} = {C40883CD-366D-4534-8B58-3EA0D13136DF}
		{6C28DA70-60F1-4442-967F-591BF3962EC5} = {C40883CD-366D-4534-8B58-3EA0D13136DF}
		{FCCC4CB7-BAF7-4A57-9F89-E5766FE536C0} = {C40883CD-366D-4534-8B58-3EA0D13136DF}
		{43C1B979-D593-4A32-BB3A-4316F1C66D66} = {A9836F9E-6DB3-4D9F-ADCA-CF42D8C8BA93}
		{BF07E947-120D-4E93-93DA-A4BF121753EA} = {C40883CD-366D-4534-8B58-3EA0D13136DF}
	EndGlobalSection
	GlobalSection(ExtensibilityGlobals) = postSolution
		SolutionGuid = {A855CFDC-9BEE-43A9-A3EA-4C4624A747DB}
	EndGlobalSection
EndGlobal
